// !$*UTF8*$!
{
	archiveVersion = 1;
	classes = {
	};
	objectVersion = 56;
	objects = {

/* Begin PBXBuildFile section */
		BE05648429E4FA2E00746612 /* RideType.swift in Sources */ = {isa = PBXBuildFile; fileRef = BE05648329E4FA2E00746612 /* RideType.swift */; };
		BE13914B29E30F1000751E4A /* MapViewState.swift in Sources */ = {isa = PBXBuildFile; fileRef = BE13914A29E30F1000751E4A /* MapViewState.swift */; };
		BE13914E29E39FB600751E4A /* RideRequestView.swift in Sources */ = {isa = PBXBuildFile; fileRef = BE13914D29E39FB600751E4A /* RideRequestView.swift */; };
		BE2380EB29DFBC970077BCC2 /* LocationSearchActivationView.swift in Sources */ = {isa = PBXBuildFile; fileRef = BE2380EA29DFBC970077BCC2 /* LocationSearchActivationView.swift */; };
		BE4A647A29E08EA200EC963E /* MapViewActionButton.swift in Sources */ = {isa = PBXBuildFile; fileRef = BE4A647929E08EA200EC963E /* MapViewActionButton.swift */; };
		BE4A647C29E0909700EC963E /* LocationSearchView.swift in Sources */ = {isa = PBXBuildFile; fileRef = BE4A647B29E0909700EC963E /* LocationSearchView.swift */; };
		BE4A647E29E0C23100EC963E /* LocationSearchResultsCell.swift in Sources */ = {isa = PBXBuildFile; fileRef = BE4A647D29E0C23000EC963E /* LocationSearchResultsCell.swift */; };
		BE4A648029E0CE9D00EC963E /* LocationSearchViewModel.swift in Sources */ = {isa = PBXBuildFile; fileRef = BE4A647F29E0CE9D00EC963E /* LocationSearchViewModel.swift */; };
		BEA175C229DF29470093BF1E /* UberSwiftUITutorialApp.swift in Sources */ = {isa = PBXBuildFile; fileRef = BEA175C129DF29470093BF1E /* UberSwiftUITutorialApp.swift */; };
		BEA175C629DF294A0093BF1E /* Assets.xcassets in Resources */ = {isa = PBXBuildFile; fileRef = BEA175C529DF294A0093BF1E /* Assets.xcassets */; };
		BEA175C929DF294A0093BF1E /* Preview Assets.xcassets in Resources */ = {isa = PBXBuildFile; fileRef = BEA175C829DF294A0093BF1E /* Preview Assets.xcassets */; };
		BEA175D729DF2F910093BF1E /* HomeView.swift in Sources */ = {isa = PBXBuildFile; fileRef = BEA175D629DF2F910093BF1E /* HomeView.swift */; };
		BEA175D929DF50680093BF1E /* UberMapViewRepresentable.swift in Sources */ = {isa = PBXBuildFile; fileRef = BEA175D829DF50680093BF1E /* UberMapViewRepresentable.swift */; };
		BEA175DB29DF567D0093BF1E /* LocationManager.swift in Sources */ = {isa = PBXBuildFile; fileRef = BEA175DA29DF567D0093BF1E /* LocationManager.swift */; };
/* End PBXBuildFile section */

/* Begin PBXFileReference section */
		BE05648329E4FA2E00746612 /* RideType.swift */ = {isa = PBXFileReference; lastKnownFileType = sourcecode.swift; path = RideType.swift; sourceTree = "<group>"; };
		BE13914A29E30F1000751E4A /* MapViewState.swift */ = {isa = PBXFileReference; lastKnownFileType = sourcecode.swift; path = MapViewState.swift; sourceTree = "<group>"; };
		BE13914D29E39FB600751E4A /* RideRequestView.swift */ = {isa = PBXFileReference; lastKnownFileType = sourcecode.swift; path = RideRequestView.swift; sourceTree = "<group>"; };
		BE2380EA29DFBC970077BCC2 /* LocationSearchActivationView.swift */ = {isa = PBXFileReference; lastKnownFileType = sourcecode.swift; path = LocationSearchActivationView.swift; sourceTree = "<group>"; };
		BE4A647929E08EA200EC963E /* MapViewActionButton.swift */ = {isa = PBXFileReference; lastKnownFileType = sourcecode.swift; path = MapViewActionButton.swift; sourceTree = "<group>"; };
		BE4A647B29E0909700EC963E /* LocationSearchView.swift */ = {isa = PBXFileReference; lastKnownFileType = sourcecode.swift; path = LocationSearchView.swift; sourceTree = "<group>"; };
		BE4A647D29E0C23000EC963E /* LocationSearchResultsCell.swift */ = {isa = PBXFileReference; lastKnownFileType = sourcecode.swift; path = LocationSearchResultsCell.swift; sourceTree = "<group>"; };
		BE4A647F29E0CE9D00EC963E /* LocationSearchViewModel.swift */ = {isa = PBXFileReference; lastKnownFileType = sourcecode.swift; path = LocationSearchViewModel.swift; sourceTree = "<group>"; };
		BEA175BE29DF29470093BF1E /* UberSwiftUITutorial.app */ = {isa = PBXFileReference; explicitFileType = wrapper.application; includeInIndex = 0; path = UberSwiftUITutorial.app; sourceTree = BUILT_PRODUCTS_DIR; };
		BEA175C129DF29470093BF1E /* UberSwiftUITutorialApp.swift */ = {isa = PBXFileReference; lastKnownFileType = sourcecode.swift; path = UberSwiftUITutorialApp.swift; sourceTree = "<group>"; };
		BEA175C529DF294A0093BF1E /* Assets.xcassets */ = {isa = PBXFileReference; lastKnownFileType = folder.assetcatalog; path = Assets.xcassets; sourceTree = "<group>"; };
		BEA175C829DF294A0093BF1E /* Preview Assets.xcassets */ = {isa = PBXFileReference; lastKnownFileType = folder.assetcatalog; path = "Preview Assets.xcassets"; sourceTree = "<group>"; };
		BEA175D629DF2F910093BF1E /* HomeView.swift */ = {isa = PBXFileReference; lastKnownFileType = sourcecode.swift; path = HomeView.swift; sourceTree = "<group>"; };
		BEA175D829DF50680093BF1E /* UberMapViewRepresentable.swift */ = {isa = PBXFileReference; lastKnownFileType = sourcecode.swift; path = UberMapViewRepresentable.swift; sourceTree = "<group>"; };
		BEA175DA29DF567D0093BF1E /* LocationManager.swift */ = {isa = PBXFileReference; lastKnownFileType = sourcecode.swift; path = LocationManager.swift; sourceTree = "<group>"; };
/* End PBXFileReference section */

/* Begin PBXFrameworksBuildPhase section */
		BEA175BB29DF29470093BF1E /* Frameworks */ = {
			isa = PBXFrameworksBuildPhase;
			buildActionMask = 2147483647;
			files = (
			);
			runOnlyForDeploymentPostprocessing = 0;
		};
/* End PBXFrameworksBuildPhase section */

/* Begin PBXGroup section */
		BE13914C29E39F0500751E4A /* Trips */ = {
			isa = PBXGroup;
			children = (
				BE13914D29E39FB600751E4A /* RideRequestView.swift */,
			);
			path = Trips;
			sourceTree = "<group>";
		};
		BE2380E629DFBBF00077BCC2 /* Home */ = {
			isa = PBXGroup;
			children = (
				BEA175D529DF2EDB0093BF1E /* ViewModel */,
				BEA175D429DF2ED80093BF1E /* Views */,
			);
			path = Home;
			sourceTree = "<group>";
		};
		BE2380E729DFBC130077BCC2 /* Location Search */ = {
			isa = PBXGroup;
			children = (
				BE2380E829DFBC500077BCC2 /* ViewModel */,
				BE2380E929DFBC5A0077BCC2 /* Views */,
			);
			path = "Location Search";
			sourceTree = "<group>";
		};
		BE2380E829DFBC500077BCC2 /* ViewModel */ = {
			isa = PBXGroup;
			children = (
				BE4A647F29E0CE9D00EC963E /* LocationSearchViewModel.swift */,
			);
			path = ViewModel;
			sourceTree = "<group>";
		};
		BE2380E929DFBC5A0077BCC2 /* Views */ = {
			isa = PBXGroup;
			children = (
				BE2380EA29DFBC970077BCC2 /* LocationSearchActivationView.swift */,
				BE4A647B29E0909700EC963E /* LocationSearchView.swift */,
				BE4A647D29E0C23000EC963E /* LocationSearchResultsCell.swift */,
			);
			path = Views;
			sourceTree = "<group>";
		};
		BEA175B529DF29470093BF1E = {
			isa = PBXGroup;
			children = (
				BEA175C029DF29470093BF1E /* UberSwiftUITutorial */,
				BEA175BF29DF29470093BF1E /* Products */,
			);
			sourceTree = "<group>";
		};
		BEA175BF29DF29470093BF1E /* Products */ = {
			isa = PBXGroup;
			children = (
				BEA175BE29DF29470093BF1E /* UberSwiftUITutorial.app */,
			);
			name = Products;
			sourceTree = "<group>";
		};
		BEA175C029DF29470093BF1E /* UberSwiftUITutorial */ = {
			isa = PBXGroup;
			children = (
				BEA175D329DF2D280093BF1E /* App */,
				BEA175D229DF2D230093BF1E /* Core */,
				BEA175D129DF2D200093BF1E /* Extensions */,
				BEA175D029DF2D1C0093BF1E /* Managers */,
				BEA175CF29DF2D180093BF1E /* Models */,
				BEA175C529DF294A0093BF1E /* Assets.xcassets */,
				BEA175C729DF294A0093BF1E /* Preview Content */,
			);
			path = UberSwiftUITutorial;
			sourceTree = "<group>";
		};
		BEA175C729DF294A0093BF1E /* Preview Content */ = {
			isa = PBXGroup;
			children = (
				BEA175C829DF294A0093BF1E /* Preview Assets.xcassets */,
			);
			path = "Preview Content";
			sourceTree = "<group>";
		};
		BEA175CF29DF2D180093BF1E /* Models */ = {
			isa = PBXGroup;
			children = (
				BE13914A29E30F1000751E4A /* MapViewState.swift */,
				BE05648329E4FA2E00746612 /* RideType.swift */,
			);
			path = Models;
			sourceTree = "<group>";
		};
		BEA175D029DF2D1C0093BF1E /* Managers */ = {
			isa = PBXGroup;
			children = (
				BEA175DA29DF567D0093BF1E /* LocationManager.swift */,
			);
			path = Managers;
			sourceTree = "<group>";
		};
		BEA175D129DF2D200093BF1E /* Extensions */ = {
			isa = PBXGroup;
			children = (
			);
			path = Extensions;
			sourceTree = "<group>";
		};
		BEA175D229DF2D230093BF1E /* Core */ = {
			isa = PBXGroup;
			children = (
				BE13914C29E39F0500751E4A /* Trips */,
				BE2380E729DFBC130077BCC2 /* Location Search */,
				BE2380E629DFBBF00077BCC2 /* Home */,
			);
			path = Core;
			sourceTree = "<group>";
		};
		BEA175D329DF2D280093BF1E /* App */ = {
			isa = PBXGroup;
			children = (
				BEA175C129DF29470093BF1E /* UberSwiftUITutorialApp.swift */,
			);
			path = App;
			sourceTree = "<group>";
		};
		BEA175D429DF2ED80093BF1E /* Views */ = {
			isa = PBXGroup;
			children = (
				BEA175D629DF2F910093BF1E /* HomeView.swift */,
				BEA175D829DF50680093BF1E /* UberMapViewRepresentable.swift */,
				BE4A647929E08EA200EC963E /* MapViewActionButton.swift */,
			);
			path = Views;
			sourceTree = "<group>";
		};
		BEA175D529DF2EDB0093BF1E /* ViewModel */ = {
			isa = PBXGroup;
			children = (
			);
			path = ViewModel;
			sourceTree = "<group>";
		};
/* End PBXGroup section */

/* Begin PBXNativeTarget section */
		BEA175BD29DF29470093BF1E /* UberSwiftUITutorial */ = {
			isa = PBXNativeTarget;
			buildConfigurationList = BEA175CC29DF294A0093BF1E /* Build configuration list for PBXNativeTarget "UberSwiftUITutorial" */;
			buildPhases = (
				BEA175BA29DF29470093BF1E /* Sources */,
				BEA175BB29DF29470093BF1E /* Frameworks */,
				BEA175BC29DF29470093BF1E /* Resources */,
			);
			buildRules = (
			);
			dependencies = (
			);
			name = UberSwiftUITutorial;
			productName = UberSwiftUITutorial;
			productReference = BEA175BE29DF29470093BF1E /* UberSwiftUITutorial.app */;
			productType = "com.apple.product-type.application";
		};
/* End PBXNativeTarget section */

/* Begin PBXProject section */
		BEA175B629DF29470093BF1E /* Project object */ = {
			isa = PBXProject;
			attributes = {
				BuildIndependentTargetsInParallel = 1;
				LastSwiftUpdateCheck = 1430;
				LastUpgradeCheck = 1430;
				TargetAttributes = {
					BEA175BD29DF29470093BF1E = {
						CreatedOnToolsVersion = 14.3;
					};
				};
			};
			buildConfigurationList = BEA175B929DF29470093BF1E /* Build configuration list for PBXProject "UberSwiftUITutorial" */;
			compatibilityVersion = "Xcode 14.0";
			developmentRegion = en;
			hasScannedForEncodings = 0;
			knownRegions = (
				en,
				Base,
			);
			mainGroup = BEA175B529DF29470093BF1E;
			productRefGroup = BEA175BF29DF29470093BF1E /* Products */;
			projectDirPath = "";
			projectRoot = "";
			targets = (
				BEA175BD29DF29470093BF1E /* UberSwiftUITutorial */,
			);
		};
/* End PBXProject section */

/* Begin PBXResourcesBuildPhase section */
		BEA175BC29DF29470093BF1E /* Resources */ = {
			isa = PBXResourcesBuildPhase;
			buildActionMask = 2147483647;
			files = (
				BEA175C929DF294A0093BF1E /* Preview Assets.xcassets in Resources */,
				BEA175C629DF294A0093BF1E /* Assets.xcassets in Resources */,
			);
			runOnlyForDeploymentPostprocessing = 0;
		};
/* End PBXResourcesBuildPhase section */

/* Begin PBXSourcesBuildPhase section */
		BEA175BA29DF29470093BF1E /* Sources */ = {
			isa = PBXSourcesBuildPhase;
			buildActionMask = 2147483647;
			files = (
				BE4A648029E0CE9D00EC963E /* LocationSearchViewModel.swift in Sources */,
				BE4A647C29E0909700EC963E /* LocationSearchView.swift in Sources */,
				BEA175DB29DF567D0093BF1E /* LocationManager.swift in Sources */,
				BE13914E29E39FB600751E4A /* RideRequestView.swift in Sources */,
				BE13914B29E30F1000751E4A /* MapViewState.swift in Sources */,
				BE4A647A29E08EA200EC963E /* MapViewActionButton.swift in Sources */,
				BE4A647E29E0C23100EC963E /* LocationSearchResultsCell.swift in Sources */,
				BEA175C229DF29470093BF1E /* UberSwiftUITutorialApp.swift in Sources */,
				BEA175D929DF50680093BF1E /* UberMapViewRepresentable.swift in Sources */,
				BEA175D729DF2F910093BF1E /* HomeView.swift in Sources */,
				BE2380EB29DFBC970077BCC2 /* LocationSearchActivationView.swift in Sources */,
				BE05648429E4FA2E00746612 /* RideType.swift in Sources */,
			);
			runOnlyForDeploymentPostprocessing = 0;
		};
/* End PBXSourcesBuildPhase section */

/* Begin XCBuildConfiguration section */
		BEA175CA29DF294A0093BF1E /* Debug */ = {
			isa = XCBuildConfiguration;
			buildSettings = {
				ALWAYS_SEARCH_USER_PATHS = NO;
				CLANG_ANALYZER_NONNULL = YES;
				CLANG_ANALYZER_NUMBER_OBJECT_CONVERSION = YES_AGGRESSIVE;
				CLANG_CXX_LANGUAGE_STANDARD = "gnu++20";
				CLANG_ENABLE_MODULES = YES;
				CLANG_ENABLE_OBJC_ARC = YES;
				CLANG_ENABLE_OBJC_WEAK = YES;
				CLANG_WARN_BLOCK_CAPTURE_AUTORELEASING = YES;
				CLANG_WARN_BOOL_CONVERSION = YES;
				CLANG_WARN_COMMA = YES;
				CLANG_WARN_CONSTANT_CONVERSION = YES;
				CLANG_WARN_DEPRECATED_OBJC_IMPLEMENTATIONS = YES;
				CLANG_WARN_DIRECT_OBJC_ISA_USAGE = YES_ERROR;
				CLANG_WARN_DOCUMENTATION_COMMENTS = YES;
				CLANG_WARN_EMPTY_BODY = YES;
				CLANG_WARN_ENUM_CONVERSION = YES;
				CLANG_WARN_INFINITE_RECURSION = YES;
				CLANG_WARN_INT_CONVERSION = YES;
				CLANG_WARN_NON_LITERAL_NULL_CONVERSION = YES;
				CLANG_WARN_OBJC_IMPLICIT_RETAIN_SELF = YES;
				CLANG_WARN_OBJC_LITERAL_CONVERSION = YES;
				CLANG_WARN_OBJC_ROOT_CLASS = YES_ERROR;
				CLANG_WARN_QUOTED_INCLUDE_IN_FRAMEWORK_HEADER = YES;
				CLANG_WARN_RANGE_LOOP_ANALYSIS = YES;
				CLANG_WARN_STRICT_PROTOTYPES = YES;
				CLANG_WARN_SUSPICIOUS_MOVE = YES;
				CLANG_WARN_UNGUARDED_AVAILABILITY = YES_AGGRESSIVE;
				CLANG_WARN_UNREACHABLE_CODE = YES;
				CLANG_WARN__DUPLICATE_METHOD_MATCH = YES;
				COPY_PHASE_STRIP = NO;
				DEBUG_INFORMATION_FORMAT = dwarf;
				ENABLE_STRICT_OBJC_MSGSEND = YES;
				ENABLE_TESTABILITY = YES;
				GCC_C_LANGUAGE_STANDARD = gnu11;
				GCC_DYNAMIC_NO_PIC = NO;
				GCC_NO_COMMON_BLOCKS = YES;
				GCC_OPTIMIZATION_LEVEL = 0;
				GCC_PREPROCESSOR_DEFINITIONS = (
					"DEBUG=1",
					"$(inherited)",
				);
				GCC_WARN_64_TO_32_BIT_CONVERSION = YES;
				GCC_WARN_ABOUT_RETURN_TYPE = YES_ERROR;
				GCC_WARN_UNDECLARED_SELECTOR = YES;
				GCC_WARN_UNINITIALIZED_AUTOS = YES_AGGRESSIVE;
				GCC_WARN_UNUSED_FUNCTION = YES;
				GCC_WARN_UNUSED_VARIABLE = YES;
				IPHONEOS_DEPLOYMENT_TARGET = 16.4;
				MTL_ENABLE_DEBUG_INFO = INCLUDE_SOURCE;
				MTL_FAST_MATH = YES;
				ONLY_ACTIVE_ARCH = YES;
				SDKROOT = iphoneos;
				SWIFT_ACTIVE_COMPILATION_CONDITIONS = DEBUG;
				SWIFT_OPTIMIZATION_LEVEL = "-Onone";
			};
			name = Debug;
		};
		BEA175CB29DF294A0093BF1E /* Release */ = {
			isa = XCBuildConfiguration;
			buildSettings = {
				ALWAYS_SEARCH_USER_PATHS = NO;
				CLANG_ANALYZER_NONNULL = YES;
				CLANG_ANALYZER_NUMBER_OBJECT_CONVERSION = YES_AGGRESSIVE;
				CLANG_CXX_LANGUAGE_STANDARD = "gnu++20";
				CLANG_ENABLE_MODULES = YES;
				CLANG_ENABLE_OBJC_ARC = YES;
				CLANG_ENABLE_OBJC_WEAK = YES;
				CLANG_WARN_BLOCK_CAPTURE_AUTORELEASING = YES;
				CLANG_WARN_BOOL_CONVERSION = YES;
				CLANG_WARN_COMMA = YES;
				CLANG_WARN_CONSTANT_CONVERSION = YES;
				CLANG_WARN_DEPRECATED_OBJC_IMPLEMENTATIONS = YES;
				CLANG_WARN_DIRECT_OBJC_ISA_USAGE = YES_ERROR;
				CLANG_WARN_DOCUMENTATION_COMMENTS = YES;
				CLANG_WARN_EMPTY_BODY = YES;
				CLANG_WARN_ENUM_CONVERSION = YES;
				CLANG_WARN_INFINITE_RECURSION = YES;
				CLANG_WARN_INT_CONVERSION = YES;
				CLANG_WARN_NON_LITERAL_NULL_CONVERSION = YES;
				CLANG_WARN_OBJC_IMPLICIT_RETAIN_SELF = YES;
				CLANG_WARN_OBJC_LITERAL_CONVERSION = YES;
				CLANG_WARN_OBJC_ROOT_CLASS = YES_ERROR;
				CLANG_WARN_QUOTED_INCLUDE_IN_FRAMEWORK_HEADER = YES;
				CLANG_WARN_RANGE_LOOP_ANALYSIS = YES;
				CLANG_WARN_STRICT_PROTOTYPES = YES;
				CLANG_WARN_SUSPICIOUS_MOVE = YES;
				CLANG_WARN_UNGUARDED_AVAILABILITY = YES_AGGRESSIVE;
				CLANG_WARN_UNREACHABLE_CODE = YES;
				CLANG_WARN__DUPLICATE_METHOD_MATCH = YES;
				COPY_PHASE_STRIP = NO;
				DEBUG_INFORMATION_FORMAT = "dwarf-with-dsym";
				ENABLE_NS_ASSERTIONS = NO;
				ENABLE_STRICT_OBJC_MSGSEND = YES;
				GCC_C_LANGUAGE_STANDARD = gnu11;
				GCC_NO_COMMON_BLOCKS = YES;
				GCC_WARN_64_TO_32_BIT_CONVERSION = YES;
				GCC_WARN_ABOUT_RETURN_TYPE = YES_ERROR;
				GCC_WARN_UNDECLARED_SELECTOR = YES;
				GCC_WARN_UNINITIALIZED_AUTOS = YES_AGGRESSIVE;
				GCC_WARN_UNUSED_FUNCTION = YES;
				GCC_WARN_UNUSED_VARIABLE = YES;
				IPHONEOS_DEPLOYMENT_TARGET = 16.4;
				MTL_ENABLE_DEBUG_INFO = NO;
				MTL_FAST_MATH = YES;
				SDKROOT = iphoneos;
				SWIFT_COMPILATION_MODE = wholemodule;
				SWIFT_OPTIMIZATION_LEVEL = "-O";
				VALIDATE_PRODUCT = YES;
			};
			name = Release;
		};
		BEA175CD29DF294A0093BF1E /* Debug */ = {
			isa = XCBuildConfiguration;
			buildSettings = {
				ASSETCATALOG_COMPILER_APPICON_NAME = AppIcon;
				ASSETCATALOG_COMPILER_GLOBAL_ACCENT_COLOR_NAME = AccentColor;
				CODE_SIGN_STYLE = Automatic;
				CURRENT_PROJECT_VERSION = 1;
				DEVELOPMENT_ASSET_PATHS = "\"UberSwiftUITutorial/Preview Content\"";
				DEVELOPMENT_TEAM = 324Y82FCZ3;
				ENABLE_PREVIEWS = YES;
				GENERATE_INFOPLIST_FILE = YES;
				INFOPLIST_KEY_NSLocationWhenInUseUsageDescription = "Please allow us to access your location to find you nearby drivers and rides.";
				INFOPLIST_KEY_UIApplicationSceneManifest_Generation = YES;
				INFOPLIST_KEY_UIApplicationSupportsIndirectInputEvents = YES;
				INFOPLIST_KEY_UILaunchScreen_Generation = YES;
				INFOPLIST_KEY_UISupportedInterfaceOrientations_iPad = "UIInterfaceOrientationPortrait UIInterfaceOrientationPortraitUpsideDown UIInterfaceOrientationLandscapeLeft UIInterfaceOrientationLandscapeRight";
				INFOPLIST_KEY_UISupportedInterfaceOrientations_iPhone = "UIInterfaceOrientationPortrait UIInterfaceOrientationLandscapeLeft UIInterfaceOrientationLandscapeRight";
				LD_RUNPATH_SEARCH_PATHS = (
					"$(inherited)",
					"@executable_path/Frameworks",
				);
				MARKETING_VERSION = 1.0;
				PRODUCT_BUNDLE_IDENTIFIER = com.josegarcia.UberSwiftUITutorial;
				PRODUCT_NAME = "$(TARGET_NAME)";
				SWIFT_EMIT_LOC_STRINGS = YES;
				SWIFT_VERSION = 5.0;
				TARGETED_DEVICE_FAMILY = "1,2";
			};
			name = Debug;
		};
		BEA175CE29DF294A0093BF1E /* Release */ = {
			isa = XCBuildConfiguration;
			buildSettings = {
				ASSETCATALOG_COMPILER_APPICON_NAME = AppIcon;
				ASSETCATALOG_COMPILER_GLOBAL_ACCENT_COLOR_NAME = AccentColor;
				CODE_SIGN_STYLE = Automatic;
				CURRENT_PROJECT_VERSION = 1;
				DEVELOPMENT_ASSET_PATHS = "\"UberSwiftUITutorial/Preview Content\"";
				DEVELOPMENT_TEAM = 324Y82FCZ3;
				ENABLE_PREVIEWS = YES;
				GENERATE_INFOPLIST_FILE = YES;
				INFOPLIST_KEY_NSLocationWhenInUseUsageDescription = "Please allow us to access your location to find you nearby drivers and rides.";
				INFOPLIST_KEY_UIApplicationSceneManifest_Generation = YES;
				INFOPLIST_KEY_UIApplicationSupportsIndirectInputEvents = YES;
				INFOPLIST_KEY_UILaunchScreen_Generation = YES;
				INFOPLIST_KEY_UISupportedInterfaceOrientations_iPad = "UIInterfaceOrientationPortrait UIInterfaceOrientationPortraitUpsideDown UIInterfaceOrientationLandscapeLeft UIInterfaceOrientationLandscapeRight";
				INFOPLIST_KEY_UISupportedInterfaceOrientations_iPhone = "UIInterfaceOrientationPortrait UIInterfaceOrientationLandscapeLeft UIInterfaceOrientationLandscapeRight";
				LD_RUNPATH_SEARCH_PATHS = (
					"$(inherited)",
					"@executable_path/Frameworks",
				);
				MARKETING_VERSION = 1.0;
				PRODUCT_BUNDLE_IDENTIFIER = com.josegarcia.UberSwiftUITutorial;
				PRODUCT_NAME = "$(TARGET_NAME)";
				SWIFT_EMIT_LOC_STRINGS = YES;
				SWIFT_VERSION = 5.0;
				TARGETED_DEVICE_FAMILY = "1,2";
			};
			name = Release;
		};
/* End XCBuildConfiguration section */

/* Begin XCConfigurationList section */
		BEA175B929DF29470093BF1E /* Build configuration list for PBXProject "UberSwiftUITutorial" */ = {
			isa = XCConfigurationList;
			buildConfigurations = (
				BEA175CA29DF294A0093BF1E /* Debug */,
				BEA175CB29DF294A0093BF1E /* Release */,
			);
			defaultConfigurationIsVisible = 0;
			defaultConfigurationName = Release;
		};
		BEA175CC29DF294A0093BF1E /* Build configuration list for PBXNativeTarget "UberSwiftUITutorial" */ = {
			isa = XCConfigurationList;
			buildConfigurations = (
				BEA175CD29DF294A0093BF1E /* Debug */,
				BEA175CE29DF294A0093BF1E /* Release */,
			);
			defaultConfigurationIsVisible = 0;
			defaultConfigurationName = Release;
		};
/* End XCConfigurationList section */
	};
	rootObject = BEA175B629DF29470093BF1E /* Project object */;
}
